
Microsoft Visual Studio Solution File, Format Version 12.00
# Visual Studio 14
VisualStudioVersion = 14.0.23107.0
MinimumVisualStudioVersion = 10.0.40219.1
Project("{FAE04EC0-301F-11D3-BF4B-00C04F79EFBC}") = "MasterSite.Core", "MasterSite.Core\MasterSite.Core.csproj", "{B09E865D-9232-461F-B8C1-FF98ABBA77F7}"
EndProject
Project("{FAE04EC0-301F-11D3-BF4B-00C04F79EFBC}") = "MasterSite.Tests", "MasterSite.Test\MasterSite.Tests.csproj", "{41DC7F69-BCDE-4011-8459-BBAFB53AC3F7}"
EndProject
Project("{FAE04EC0-301F-11D3-BF4B-00C04F79EFBC}") = "MasterSite.Web", "MasterSite.Web\MasterSite.Web.csproj", "{4702DBC4-5093-46A2-B2C7-7C4D52EFA719}"
EndProject
Project("{2150E333-8FDC-42A3-9474-1A3956D46DE8}") = "Solution Items", "Solution Items", "{5FB498E8-BC92-4E5E-A3FE-7513D4F44946}"
	ProjectSection(SolutionItems) = preProject
		WebEssentials2015-Settings.json = WebEssentials2015-Settings.json
	EndProjectSection
EndProject
Global
	GlobalSection(SolutionConfigurationPlatforms) = preSolution
		Debug|Any CPU = Debug|Any CPU
		Release|Any CPU = Release|Any CPU
	EndGlobalSection
	GlobalSection(ProjectConfigurationPlatforms) = postSolution
		{B09E865D-9232-461F-B8C1-FF98ABBA77F7}.Debug|Any CPU.ActiveCfg = Debug|Any CPU
		{B09E865D-9232-461F-B8C1-FF98ABBA77F7}.Debug|Any CPU.Build.0 = Debug|Any CPU
		{B09E865D-9232-461F-B8C1-FF98ABBA77F7}.Release|Any CPU.ActiveCfg = Release|Any CPU
		{B09E865D-9232-461F-B8C1-FF98ABBA77F7}.Release|Any CPU.Build.0 = Release|Any CPU
		{41DC7F69-BCDE-4011-8459-BBAFB53AC3F7}.Debug|Any CPU.ActiveCfg = Debug|Any CPU
		{41DC7F69-BCDE-4011-8459-BBAFB53AC3F7}.Debug|Any CPU.Build.0 = Debug|Any CPU
		{41DC7F69-BCDE-4011-8459-BBAFB53AC3F7}.Release|Any CPU.ActiveCfg = Release|Any CPU
		{41DC7F69-BCDE-4011-8459-BBAFB53AC3F7}.Release|Any CPU.Build.0 = Release|Any CPU
		{4702DBC4-5093-46A2-B2C7-7C4D52EFA719}.Debug|Any CPU.ActiveCfg = Debug|Any CPU
		{4702DBC4-5093-46A2-B2C7-7C4D52EFA719}.Debug|Any CPU.Build.0 = Debug|Any CPU
		{4702DBC4-5093-46A2-B2C7-7C4D52EFA719}.Release|Any CPU.ActiveCfg = Release|Any CPU
		{4702DBC4-5093-46A2-B2C7-7C4D52EFA719}.Release|Any CPU.Build.0 = Release|Any CPU
	EndGlobalSection
	GlobalSection(SolutionProperties) = preSolution
		HideSolutionNode = FALSE
	EndGlobalSection
EndGlobal
